// !$*UTF8*$!
{
	archiveVersion = 1;
	classes = {
	};
	objectVersion = 46;
	objects = {

/* Begin PBXBuildFile section */
		33BE83E01C9B2802002CCF60 /* main.m in Sources */ = {isa = PBXBuildFile; fileRef = 33BE83DF1C9B2802002CCF60 /* main.m */; };
		33BE83E31C9B2802002CCF60 /* AppDelegate.m in Sources */ = {isa = PBXBuildFile; fileRef = 33BE83E21C9B2802002CCF60 /* AppDelegate.m */; };
		33BE83E61C9B2802002CCF60 /* ViewController.m in Sources */ = {isa = PBXBuildFile; fileRef = 33BE83E51C9B2802002CCF60 /* ViewController.m */; };
		33BE83E91C9B2802002CCF60 /* Main.storyboard in Resources */ = {isa = PBXBuildFile; fileRef = 33BE83E71C9B2802002CCF60 /* Main.storyboard */; };
		33BE83EB1C9B2802002CCF60 /* Assets.xcassets in Resources */ = {isa = PBXBuildFile; fileRef = 33BE83EA1C9B2802002CCF60 /* Assets.xcassets */; };
		33BE83EE1C9B2802002CCF60 /* LaunchScreen.storyboard in Resources */ = {isa = PBXBuildFile; fileRef = 33BE83EC1C9B2802002CCF60 /* LaunchScreen.storyboard */; };
		33BE83F71C9B3A18002CCF60 /* AIVKPhotoAlbum.m in Sources */ = {isa = PBXBuildFile; fileRef = 33BE83F61C9B3A18002CCF60 /* AIVKPhotoAlbum.m */; };
		33BE83FE1C9B488A002CCF60 /* AIVKPhotoCollectionViewCell.m in Sources */ = {isa = PBXBuildFile; fileRef = 33BE83FC1C9B488A002CCF60 /* AIVKPhotoCollectionViewCell.m */; };
		33BE83FF1C9B488A002CCF60 /* AIVKPhotoCollectionViewCell.xib in Resources */ = {isa = PBXBuildFile; fileRef = 33BE83FD1C9B488A002CCF60 /* AIVKPhotoCollectionViewCell.xib */; };
		33BE84221C9BE043002CCF60 /* MKAnnotationView+WebCache.m in Sources */ = {isa = PBXBuildFile; fileRef = 33BE84021C9BE043002CCF60 /* MKAnnotationView+WebCache.m */; };
		33BE84231C9BE043002CCF60 /* NSData+ImageContentType.m in Sources */ = {isa = PBXBuildFile; fileRef = 33BE84041C9BE043002CCF60 /* NSData+ImageContentType.m */; };
		33BE84241C9BE043002CCF60 /* SDImageCache.m in Sources */ = {isa = PBXBuildFile; fileRef = 33BE84061C9BE043002CCF60 /* SDImageCache.m */; };
		33BE84251C9BE043002CCF60 /* SDWebImageCompat.m in Sources */ = {isa = PBXBuildFile; fileRef = 33BE84081C9BE043002CCF60 /* SDWebImageCompat.m */; };
		33BE84261C9BE043002CCF60 /* SDWebImageDecoder.m in Sources */ = {isa = PBXBuildFile; fileRef = 33BE840A1C9BE043002CCF60 /* SDWebImageDecoder.m */; };
		33BE84271C9BE043002CCF60 /* SDWebImageDownloader.m in Sources */ = {isa = PBXBuildFile; fileRef = 33BE840C1C9BE043002CCF60 /* SDWebImageDownloader.m */; };
		33BE84281C9BE043002CCF60 /* SDWebImageDownloaderOperation.m in Sources */ = {isa = PBXBuildFile; fileRef = 33BE840E1C9BE043002CCF60 /* SDWebImageDownloaderOperation.m */; };
		33BE84291C9BE043002CCF60 /* SDWebImageManager.m in Sources */ = {isa = PBXBuildFile; fileRef = 33BE84101C9BE043002CCF60 /* SDWebImageManager.m */; };
		33BE842A1C9BE043002CCF60 /* SDWebImagePrefetcher.m in Sources */ = {isa = PBXBuildFile; fileRef = 33BE84131C9BE043002CCF60 /* SDWebImagePrefetcher.m */; };
		33BE842B1C9BE043002CCF60 /* UIButton+WebCache.m in Sources */ = {isa = PBXBuildFile; fileRef = 33BE84151C9BE043002CCF60 /* UIButton+WebCache.m */; };
		33BE842C1C9BE043002CCF60 /* UIImage+GIF.m in Sources */ = {isa = PBXBuildFile; fileRef = 33BE84171C9BE043002CCF60 /* UIImage+GIF.m */; };
		33BE842D1C9BE043002CCF60 /* UIImage+MultiFormat.m in Sources */ = {isa = PBXBuildFile; fileRef = 33BE84191C9BE043002CCF60 /* UIImage+MultiFormat.m */; };
		33BE842E1C9BE043002CCF60 /* UIImage+WebP.m in Sources */ = {isa = PBXBuildFile; fileRef = 33BE841B1C9BE043002CCF60 /* UIImage+WebP.m */; };
		33BE842F1C9BE043002CCF60 /* UIImageView+HighlightedWebCache.m in Sources */ = {isa = PBXBuildFile; fileRef = 33BE841D1C9BE043002CCF60 /* UIImageView+HighlightedWebCache.m */; };
		33BE84301C9BE043002CCF60 /* UIImageView+WebCache.m in Sources */ = {isa = PBXBuildFile; fileRef = 33BE841F1C9BE043002CCF60 /* UIImageView+WebCache.m */; };
		33BE84311C9BE043002CCF60 /* UIView+WebCacheOperation.m in Sources */ = {isa = PBXBuildFile; fileRef = 33BE84211C9BE043002CCF60 /* UIView+WebCacheOperation.m */; };
		33BE84351C9E7C64002CCF60 /* AITableViewCell.m in Sources */ = {isa = PBXBuildFile; fileRef = 33BE84331C9E7C64002CCF60 /* AITableViewCell.m */; };
		33BE84361C9E7C64002CCF60 /* AITableViewCell.xib in Resources */ = {isa = PBXBuildFile; fileRef = 33BE84341C9E7C64002CCF60 /* AITableViewCell.xib */; };
		DAB4E46EA1C1098BDF0FA78C /* libPods.a in Frameworks */ = {isa = PBXBuildFile; fileRef = E339BA66A28288C10D2166F2 /* libPods.a */; };
/* End PBXBuildFile section */

/* Begin PBXFileReference section */
		33BE83DB1C9B2802002CCF60 /* AIVKPhotos.app */ = {isa = PBXFileReference; explicitFileType = wrapper.application; includeInIndex = 0; path = AIVKPhotos.app; sourceTree = BUILT_PRODUCTS_DIR; };
		33BE83DF1C9B2802002CCF60 /* main.m */ = {isa = PBXFileReference; lastKnownFileType = sourcecode.c.objc; path = main.m; sourceTree = "<group>"; };
		33BE83E11C9B2802002CCF60 /* AppDelegate.h */ = {isa = PBXFileReference; lastKnownFileType = sourcecode.c.h; path = AppDelegate.h; sourceTree = "<group>"; };
		33BE83E21C9B2802002CCF60 /* AppDelegate.m */ = {isa = PBXFileReference; lastKnownFileType = sourcecode.c.objc; path = AppDelegate.m; sourceTree = "<group>"; };
		33BE83E41C9B2802002CCF60 /* ViewController.h */ = {isa = PBXFileReference; lastKnownFileType = sourcecode.c.h; path = ViewController.h; sourceTree = "<group>"; };
		33BE83E51C9B2802002CCF60 /* ViewController.m */ = {isa = PBXFileReference; lastKnownFileType = sourcecode.c.objc; path = ViewController.m; sourceTree = "<group>"; };
		33BE83E81C9B2802002CCF60 /* Base */ = {isa = PBXFileReference; lastKnownFileType = file.storyboard; name = Base; path = Base.lproj/Main.storyboard; sourceTree = "<group>"; };
		33BE83EA1C9B2802002CCF60 /* Assets.xcassets */ = {isa = PBXFileReference; lastKnownFileType = folder.assetcatalog; path = Assets.xcassets; sourceTree = "<group>"; };
		33BE83ED1C9B2802002CCF60 /* Base */ = {isa = PBXFileReference; lastKnownFileType = file.storyboard; name = Base; path = Base.lproj/LaunchScreen.storyboard; sourceTree = "<group>"; };
		33BE83EF1C9B2802002CCF60 /* Info.plist */ = {isa = PBXFileReference; lastKnownFileType = text.plist.xml; path = Info.plist; sourceTree = "<group>"; };
		33BE83F51C9B3A18002CCF60 /* AIVKPhotoAlbum.h */ = {isa = PBXFileReference; fileEncoding = 4; lastKnownFileType = sourcecode.c.h; path = AIVKPhotoAlbum.h; sourceTree = "<group>"; };
		33BE83F61C9B3A18002CCF60 /* AIVKPhotoAlbum.m */ = {isa = PBXFileReference; fileEncoding = 4; lastKnownFileType = sourcecode.c.objc; path = AIVKPhotoAlbum.m; sourceTree = "<group>"; };
		33BE83FB1C9B488A002CCF60 /* AIVKPhotoCollectionViewCell.h */ = {isa = PBXFileReference; fileEncoding = 4; lastKnownFileType = sourcecode.c.h; path = AIVKPhotoCollectionViewCell.h; sourceTree = "<group>"; };
		33BE83FC1C9B488A002CCF60 /* AIVKPhotoCollectionViewCell.m */ = {isa = PBXFileReference; fileEncoding = 4; lastKnownFileType = sourcecode.c.objc; path = AIVKPhotoCollectionViewCell.m; sourceTree = "<group>"; };
		33BE83FD1C9B488A002CCF60 /* AIVKPhotoCollectionViewCell.xib */ = {isa = PBXFileReference; fileEncoding = 4; lastKnownFileType = file.xib; path = AIVKPhotoCollectionViewCell.xib; sourceTree = "<group>"; };
		33BE84011C9BE043002CCF60 /* MKAnnotationView+WebCache.h */ = {isa = PBXFileReference; fileEncoding = 4; lastKnownFileType = sourcecode.c.h; path = "MKAnnotationView+WebCache.h"; sourceTree = "<group>"; };
		33BE84021C9BE043002CCF60 /* MKAnnotationView+WebCache.m */ = {isa = PBXFileReference; fileEncoding = 4; lastKnownFileType = sourcecode.c.objc; path = "MKAnnotationView+WebCache.m"; sourceTree = "<group>"; };
		33BE84031C9BE043002CCF60 /* NSData+ImageContentType.h */ = {isa = PBXFileReference; fileEncoding = 4; lastKnownFileType = sourcecode.c.h; path = "NSData+ImageContentType.h"; sourceTree = "<group>"; };
		33BE84041C9BE043002CCF60 /* NSData+ImageContentType.m */ = {isa = PBXFileReference; fileEncoding = 4; lastKnownFileType = sourcecode.c.objc; path = "NSData+ImageContentType.m"; sourceTree = "<group>"; };
		33BE84051C9BE043002CCF60 /* SDImageCache.h */ = {isa = PBXFileReference; fileEncoding = 4; lastKnownFileType = sourcecode.c.h; path = SDImageCache.h; sourceTree = "<group>"; };
		33BE84061C9BE043002CCF60 /* SDImageCache.m */ = {isa = PBXFileReference; fileEncoding = 4; lastKnownFileType = sourcecode.c.objc; path = SDImageCache.m; sourceTree = "<group>"; };
		33BE84071C9BE043002CCF60 /* SDWebImageCompat.h */ = {isa = PBXFileReference; fileEncoding = 4; lastKnownFileType = sourcecode.c.h; path = SDWebImageCompat.h; sourceTree = "<group>"; };
		33BE84081C9BE043002CCF60 /* SDWebImageCompat.m */ = {isa = PBXFileReference; fileEncoding = 4; lastKnownFileType = sourcecode.c.objc; path = SDWebImageCompat.m; sourceTree = "<group>"; };
		33BE84091C9BE043002CCF60 /* SDWebImageDecoder.h */ = {isa = PBXFileReference; fileEncoding = 4; lastKnownFileType = sourcecode.c.h; path = SDWebImageDecoder.h; sourceTree = "<group>"; };
		33BE840A1C9BE043002CCF60 /* SDWebImageDecoder.m */ = {isa = PBXFileReference; fileEncoding = 4; lastKnownFileType = sourcecode.c.objc; path = SDWebImageDecoder.m; sourceTree = "<group>"; };
		33BE840B1C9BE043002CCF60 /* SDWebImageDownloader.h */ = {isa = PBXFileReference; fileEncoding = 4; lastKnownFileType = sourcecode.c.h; path = SDWebImageDownloader.h; sourceTree = "<group>"; };
		33BE840C1C9BE043002CCF60 /* SDWebImageDownloader.m */ = {isa = PBXFileReference; fileEncoding = 4; lastKnownFileType = sourcecode.c.objc; path = SDWebImageDownloader.m; sourceTree = "<group>"; };
		33BE840D1C9BE043002CCF60 /* SDWebImageDownloaderOperation.h */ = {isa = PBXFileReference; fileEncoding = 4; lastKnownFileType = sourcecode.c.h; path = SDWebImageDownloaderOperation.h; sourceTree = "<group>"; };
		33BE840E1C9BE043002CCF60 /* SDWebImageDownloaderOperation.m */ = {isa = PBXFileReference; fileEncoding = 4; lastKnownFileType = sourcecode.c.objc; path = SDWebImageDownloaderOperation.m; sourceTree = "<group>"; };
		33BE840F1C9BE043002CCF60 /* SDWebImageManager.h */ = {isa = PBXFileReference; fileEncoding = 4; lastKnownFileType = sourcecode.c.h; path = SDWebImageManager.h; sourceTree = "<group>"; };
		33BE84101C9BE043002CCF60 /* SDWebImageManager.m */ = {isa = PBXFileReference; fileEncoding = 4; lastKnownFileType = sourcecode.c.objc; path = SDWebImageManager.m; sourceTree = "<group>"; };
		33BE84111C9BE043002CCF60 /* SDWebImageOperation.h */ = {isa = PBXFileReference; fileEncoding = 4; lastKnownFileType = sourcecode.c.h; path = SDWebImageOperation.h; sourceTree = "<group>"; };
		33BE84121C9BE043002CCF60 /* SDWebImagePrefetcher.h */ = {isa = PBXFileReference; fileEncoding = 4; lastKnownFileType = sourcecode.c.h; path = SDWebImagePrefetcher.h; sourceTree = "<group>"; };
		33BE84131C9BE043002CCF60 /* SDWebImagePrefetcher.m */ = {isa = PBXFileReference; fileEncoding = 4; lastKnownFileType = sourcecode.c.objc; path = SDWebImagePrefetcher.m; sourceTree = "<group>"; };
		33BE84141C9BE043002CCF60 /* UIButton+WebCache.h */ = {isa = PBXFileReference; fileEncoding = 4; lastKnownFileType = sourcecode.c.h; path = "UIButton+WebCache.h"; sourceTree = "<group>"; };
		33BE84151C9BE043002CCF60 /* UIButton+WebCache.m */ = {isa = PBXFileReference; fileEncoding = 4; lastKnownFileType = sourcecode.c.objc; path = "UIButton+WebCache.m"; sourceTree = "<group>"; };
		33BE84161C9BE043002CCF60 /* UIImage+GIF.h */ = {isa = PBXFileReference; fileEncoding = 4; lastKnownFileType = sourcecode.c.h; path = "UIImage+GIF.h"; sourceTree = "<group>"; };
		33BE84171C9BE043002CCF60 /* UIImage+GIF.m */ = {isa = PBXFileReference; fileEncoding = 4; lastKnownFileType = sourcecode.c.objc; path = "UIImage+GIF.m"; sourceTree = "<group>"; };
		33BE84181C9BE043002CCF60 /* UIImage+MultiFormat.h */ = {isa = PBXFileReference; fileEncoding = 4; lastKnownFileType = sourcecode.c.h; path = "UIImage+MultiFormat.h"; sourceTree = "<group>"; };
		33BE84191C9BE043002CCF60 /* UIImage+MultiFormat.m */ = {isa = PBXFileReference; fileEncoding = 4; lastKnownFileType = sourcecode.c.objc; path = "UIImage+MultiFormat.m"; sourceTree = "<group>"; };
		33BE841A1C9BE043002CCF60 /* UIImage+WebP.h */ = {isa = PBXFileReference; fileEncoding = 4; lastKnownFileType = sourcecode.c.h; path = "UIImage+WebP.h"; sourceTree = "<group>"; };
		33BE841B1C9BE043002CCF60 /* UIImage+WebP.m */ = {isa = PBXFileReference; fileEncoding = 4; lastKnownFileType = sourcecode.c.objc; path = "UIImage+WebP.m"; sourceTree = "<group>"; };
		33BE841C1C9BE043002CCF60 /* UIImageView+HighlightedWebCache.h */ = {isa = PBXFileReference; fileEncoding = 4; lastKnownFileType = sourcecode.c.h; path = "UIImageView+HighlightedWebCache.h"; sourceTree = "<group>"; };
		33BE841D1C9BE043002CCF60 /* UIImageView+HighlightedWebCache.m */ = {isa = PBXFileReference; fileEncoding = 4; lastKnownFileType = sourcecode.c.objc; path = "UIImageView+HighlightedWebCache.m"; sourceTree = "<group>"; };
		33BE841E1C9BE043002CCF60 /* UIImageView+WebCache.h */ = {isa = PBXFileReference; fileEncoding = 4; lastKnownFileType = sourcecode.c.h; path = "UIImageView+WebCache.h"; sourceTree = "<group>"; };
		33BE841F1C9BE043002CCF60 /* UIImageView+WebCache.m */ = {isa = PBXFileReference; fileEncoding = 4; lastKnownFileType = sourcecode.c.objc; path = "UIImageView+WebCache.m"; sourceTree = "<group>"; };
		33BE84201C9BE043002CCF60 /* UIView+WebCacheOperation.h */ = {isa = PBXFileReference; fileEncoding = 4; lastKnownFileType = sourcecode.c.h; path = "UIView+WebCacheOperation.h"; sourceTree = "<group>"; };
		33BE84211C9BE043002CCF60 /* UIView+WebCacheOperation.m */ = {isa = PBXFileReference; fileEncoding = 4; lastKnownFileType = sourcecode.c.objc; path = "UIView+WebCacheOperation.m"; sourceTree = "<group>"; };
		33BE84321C9E7C64002CCF60 /* AITableViewCell.h */ = {isa = PBXFileReference; fileEncoding = 4; lastKnownFileType = sourcecode.c.h; path = AITableViewCell.h; sourceTree = "<group>"; };
		33BE84331C9E7C64002CCF60 /* AITableViewCell.m */ = {isa = PBXFileReference; fileEncoding = 4; lastKnownFileType = sourcecode.c.objc; path = AITableViewCell.m; sourceTree = "<group>"; };
		33BE84341C9E7C64002CCF60 /* AITableViewCell.xib */ = {isa = PBXFileReference; fileEncoding = 4; lastKnownFileType = file.xib; path = AITableViewCell.xib; sourceTree = "<group>"; };
		E339BA66A28288C10D2166F2 /* libPods.a */ = {isa = PBXFileReference; explicitFileType = archive.ar; includeInIndex = 0; path = libPods.a; sourceTree = BUILT_PRODUCTS_DIR; };
		E6374A36519A64AC0CADEBD1 /* Pods.debug.xcconfig */ = {isa = PBXFileReference; includeInIndex = 1; lastKnownFileType = text.xcconfig; name = Pods.debug.xcconfig; path = "Pods/Target Support Files/Pods/Pods.debug.xcconfig"; sourceTree = "<group>"; };
		ED4CCAF214F03976661E9BB4 /* Pods.release.xcconfig */ = {isa = PBXFileReference; includeInIndex = 1; lastKnownFileType = text.xcconfig; name = Pods.release.xcconfig; path = "Pods/Target Support Files/Pods/Pods.release.xcconfig"; sourceTree = "<group>"; };
/* End PBXFileReference section */

/* Begin PBXFrameworksBuildPhase section */
		33BE83D81C9B2802002CCF60 /* Frameworks */ = {
			isa = PBXFrameworksBuildPhase;
			buildActionMask = 2147483647;
			files = (
				DAB4E46EA1C1098BDF0FA78C /* libPods.a in Frameworks */,
			);
			runOnlyForDeploymentPostprocessing = 0;
		};
/* End PBXFrameworksBuildPhase section */

/* Begin PBXGroup section */
		33BE83D21C9B2802002CCF60 = {
			isa = PBXGroup;
			children = (
				33BE83DD1C9B2802002CCF60 /* AIVKPhotos */,
				33BE83DC1C9B2802002CCF60 /* Products */,
				6E896CD1C827CDC3E7D358DC /* Pods */,
				397735135FCC5B98E55DFE34 /* Frameworks */,
			);
			sourceTree = "<group>";
		};
		33BE83DC1C9B2802002CCF60 /* Products */ = {
			isa = PBXGroup;
			children = (
				33BE83DB1C9B2802002CCF60 /* AIVKPhotos.app */,
			);
			name = Products;
			sourceTree = "<group>";
		};
		33BE83DD1C9B2802002CCF60 /* AIVKPhotos */ = {
			isa = PBXGroup;
			children = (
				33BE84001C9BE043002CCF60 /* SDWebImage */,
				33BE83E11C9B2802002CCF60 /* AppDelegate.h */,
				33BE83E21C9B2802002CCF60 /* AppDelegate.m */,
				33BE83E41C9B2802002CCF60 /* ViewController.h */,
				33BE83E51C9B2802002CCF60 /* ViewController.m */,
				33BE83E71C9B2802002CCF60 /* Main.storyboard */,
				33BE83EA1C9B2802002CCF60 /* Assets.xcassets */,
				33BE83EC1C9B2802002CCF60 /* LaunchScreen.storyboard */,
				33BE83EF1C9B2802002CCF60 /* Info.plist */,
				33BE83DE1C9B2802002CCF60 /* Supporting Files */,
				33BE83F51C9B3A18002CCF60 /* AIVKPhotoAlbum.h */,
				33BE83F61C9B3A18002CCF60 /* AIVKPhotoAlbum.m */,
				33BE83FB1C9B488A002CCF60 /* AIVKPhotoCollectionViewCell.h */,
				33BE83FC1C9B488A002CCF60 /* AIVKPhotoCollectionViewCell.m */,
				33BE83FD1C9B488A002CCF60 /* AIVKPhotoCollectionViewCell.xib */,
				33BE84321C9E7C64002CCF60 /* AITableViewCell.h */,
				33BE84331C9E7C64002CCF60 /* AITableViewCell.m */,
				33BE84341C9E7C64002CCF60 /* AITableViewCell.xib */,
			);
			path = AIVKPhotos;
			sourceTree = "<group>";
		};
		33BE83DE1C9B2802002CCF60 /* Supporting Files */ = {
			isa = PBXGroup;
			children = (
				33BE83DF1C9B2802002CCF60 /* main.m */,
			);
			name = "Supporting Files";
			sourceTree = "<group>";
		};
		33BE84001C9BE043002CCF60 /* SDWebImage */ = {
			isa = PBXGroup;
			children = (
				33BE84011C9BE043002CCF60 /* MKAnnotationView+WebCache.h */,
				33BE84021C9BE043002CCF60 /* MKAnnotationView+WebCache.m */,
				33BE84031C9BE043002CCF60 /* NSData+ImageContentType.h */,
				33BE84041C9BE043002CCF60 /* NSData+ImageContentType.m */,
				33BE84051C9BE043002CCF60 /* SDImageCache.h */,
				33BE84061C9BE043002CCF60 /* SDImageCache.m */,
				33BE84071C9BE043002CCF60 /* SDWebImageCompat.h */,
				33BE84081C9BE043002CCF60 /* SDWebImageCompat.m */,
				33BE84091C9BE043002CCF60 /* SDWebImageDecoder.h */,
				33BE840A1C9BE043002CCF60 /* SDWebImageDecoder.m */,
				33BE840B1C9BE043002CCF60 /* SDWebImageDownloader.h */,
				33BE840C1C9BE043002CCF60 /* SDWebImageDownloader.m */,
				33BE840D1C9BE043002CCF60 /* SDWebImageDownloaderOperation.h */,
				33BE840E1C9BE043002CCF60 /* SDWebImageDownloaderOperation.m */,
				33BE840F1C9BE043002CCF60 /* SDWebImageManager.h */,
				33BE84101C9BE043002CCF60 /* SDWebImageManager.m */,
				33BE84111C9BE043002CCF60 /* SDWebImageOperation.h */,
				33BE84121C9BE043002CCF60 /* SDWebImagePrefetcher.h */,
				33BE84131C9BE043002CCF60 /* SDWebImagePrefetcher.m */,
				33BE84141C9BE043002CCF60 /* UIButton+WebCache.h */,
				33BE84151C9BE043002CCF60 /* UIButton+WebCache.m */,
				33BE84161C9BE043002CCF60 /* UIImage+GIF.h */,
				33BE84171C9BE043002CCF60 /* UIImage+GIF.m */,
				33BE84181C9BE043002CCF60 /* UIImage+MultiFormat.h */,
				33BE84191C9BE043002CCF60 /* UIImage+MultiFormat.m */,
				33BE841A1C9BE043002CCF60 /* UIImage+WebP.h */,
				33BE841B1C9BE043002CCF60 /* UIImage+WebP.m */,
				33BE841C1C9BE043002CCF60 /* UIImageView+HighlightedWebCache.h */,
				33BE841D1C9BE043002CCF60 /* UIImageView+HighlightedWebCache.m */,
				33BE841E1C9BE043002CCF60 /* UIImageView+WebCache.h */,
				33BE841F1C9BE043002CCF60 /* UIImageView+WebCache.m */,
				33BE84201C9BE043002CCF60 /* UIView+WebCacheOperation.h */,
				33BE84211C9BE043002CCF60 /* UIView+WebCacheOperation.m */,
			);
			path = SDWebImage;
			sourceTree = "<group>";
		};
		397735135FCC5B98E55DFE34 /* Frameworks */ = {
			isa = PBXGroup;
			children = (
				E339BA66A28288C10D2166F2 /* libPods.a */,
			);
			name = Frameworks;
			sourceTree = "<group>";
		};
		6E896CD1C827CDC3E7D358DC /* Pods */ = {
			isa = PBXGroup;
			children = (
				E6374A36519A64AC0CADEBD1 /* Pods.debug.xcconfig */,
				ED4CCAF214F03976661E9BB4 /* Pods.release.xcconfig */,
			);
			name = Pods;
			sourceTree = "<group>";
		};
/* End PBXGroup section */

/* Begin PBXNativeTarget section */
		33BE83DA1C9B2802002CCF60 /* AIVKPhotos */ = {
			isa = PBXNativeTarget;
			buildConfigurationList = 33BE83F21C9B2802002CCF60 /* Build configuration list for PBXNativeTarget "AIVKPhotos" */;
			buildPhases = (
				368D9C48D895346BE25F34AE /* Check Pods Manifest.lock */,
				33BE83D71C9B2802002CCF60 /* Sources */,
				33BE83D81C9B2802002CCF60 /* Frameworks */,
				33BE83D91C9B2802002CCF60 /* Resources */,
				74142043AF1B4F98B7A9E0BC /* Embed Pods Frameworks */,
				8AC9AD33F32FD6EA50633269 /* Copy Pods Resources */,
			);
			buildRules = (
			);
			dependencies = (
			);
			name = AIVKPhotos;
			productName = AIVKPhotos;
			productReference = 33BE83DB1C9B2802002CCF60 /* AIVKPhotos.app */;
			productType = "com.apple.product-type.application";
		};
/* End PBXNativeTarget section */

/* Begin PBXProject section */
		33BE83D31C9B2802002CCF60 /* Project object */ = {
			isa = PBXProject;
			attributes = {
				LastUpgradeCheck = 0720;
				ORGANIZATIONNAME = "Alexey Ivanov";
				TargetAttributes = {
					33BE83DA1C9B2802002CCF60 = {
						CreatedOnToolsVersion = 7.2.1;
					};
				};
			};
			buildConfigurationList = 33BE83D61C9B2802002CCF60 /* Build configuration list for PBXProject "AIVKPhotos" */;
			compatibilityVersion = "Xcode 3.2";
			developmentRegion = English;
			hasScannedForEncodings = 0;
			knownRegions = (
				en,
				Base,
			);
			mainGroup = 33BE83D21C9B2802002CCF60;
			productRefGroup = 33BE83DC1C9B2802002CCF60 /* Products */;
			projectDirPath = "";
			projectRoot = "";
			targets = (
				33BE83DA1C9B2802002CCF60 /* AIVKPhotos */,
			);
		};
/* End PBXProject section */

/* Begin PBXResourcesBuildPhase section */
		33BE83D91C9B2802002CCF60 /* Resources */ = {
			isa = PBXResourcesBuildPhase;
			buildActionMask = 2147483647;
			files = (
				33BE83FF1C9B488A002CCF60 /* AIVKPhotoCollectionViewCell.xib in Resources */,
				33BE83EE1C9B2802002CCF60 /* LaunchScreen.storyboard in Resources */,
				33BE83EB1C9B2802002CCF60 /* Assets.xcassets in Resources */,
				33BE84361C9E7C64002CCF60 /* AITableViewCell.xib in Resources */,
				33BE83E91C9B2802002CCF60 /* Main.storyboard in Resources */,
			);
			runOnlyForDeploymentPostprocessing = 0;
		};
/* End PBXResourcesBuildPhase section */

/* Begin PBXShellScriptBuildPhase section */
		368D9C48D895346BE25F34AE /* Check Pods Manifest.lock */ = {
			isa = PBXShellScriptBuildPhase;
			buildActionMask = 2147483647;
			files = (
			);
			inputPaths = (
			);
			name = "Check Pods Manifest.lock";
			outputPaths = (
			);
			runOnlyForDeploymentPostprocessing = 0;
			shellPath = /bin/sh;
			shellScript = "diff \"${PODS_ROOT}/../Podfile.lock\" \"${PODS_ROOT}/Manifest.lock\" > /dev/null\nif [[ $? != 0 ]] ; then\n    cat << EOM\nerror: The sandbox is not in sync with the Podfile.lock. Run 'pod install' or update your CocoaPods installation.\nEOM\n    exit 1\nfi\n";
			showEnvVarsInLog = 0;
		};
		74142043AF1B4F98B7A9E0BC /* Embed Pods Frameworks */ = {
			isa = PBXShellScriptBuildPhase;
			buildActionMask = 2147483647;
			files = (
			);
			inputPaths = (
			);
			name = "Embed Pods Frameworks";
			outputPaths = (
			);
			runOnlyForDeploymentPostprocessing = 0;
			shellPath = /bin/sh;
			shellScript = "\"${SRCROOT}/Pods/Target Support Files/Pods/Pods-frameworks.sh\"\n";
			showEnvVarsInLog = 0;
		};
		8AC9AD33F32FD6EA50633269 /* Copy Pods Resources */ = {
			isa = PBXShellScriptBuildPhase;
			buildActionMask = 2147483647;
			files = (
			);
			inputPaths = (
			);
			name = "Copy Pods Resources";
			outputPaths = (
			);
			runOnlyForDeploymentPostprocessing = 0;
			shellPath = /bin/sh;
			shellScript = "\"${SRCROOT}/Pods/Target Support Files/Pods/Pods-resources.sh\"\n";
			showEnvVarsInLog = 0;
		};
/* End PBXShellScriptBuildPhase section */

/* Begin PBXSourcesBuildPhase section */
		33BE83D71C9B2802002CCF60 /* Sources */ = {
			isa = PBXSourcesBuildPhase;
			buildActionMask = 2147483647;
			files = (
				33BE84291C9BE043002CCF60 /* SDWebImageManager.m in Sources */,
				33BE84241C9BE043002CCF60 /* SDImageCache.m in Sources */,
				33BE84281C9BE043002CCF60 /* SDWebImageDownloaderOperation.m in Sources */,
				33BE84311C9BE043002CCF60 /* UIView+WebCacheOperation.m in Sources */,
				33BE83E61C9B2802002CCF60 /* ViewController.m in Sources */,
				33BE842B1C9BE043002CCF60 /* UIButton+WebCache.m in Sources */,
				33BE84231C9BE043002CCF60 /* NSData+ImageContentType.m in Sources */,
				33BE842A1C9BE043002CCF60 /* SDWebImagePrefetcher.m in Sources */,
				33BE84271C9BE043002CCF60 /* SDWebImageDownloader.m in Sources */,
				33BE84351C9E7C64002CCF60 /* AITableViewCell.m in Sources */,
				33BE83F71C9B3A18002CCF60 /* AIVKPhotoAlbum.m in Sources */,
				33BE842E1C9BE043002CCF60 /* UIImage+WebP.m in Sources */,
				33BE84301C9BE043002CCF60 /* UIImageView+WebCache.m in Sources */,
				33BE84261C9BE043002CCF60 /* SDWebImageDecoder.m in Sources */,
				33BE83E31C9B2802002CCF60 /* AppDelegate.m in Sources */,
				33BE84221C9BE043002CCF60 /* MKAnnotationView+WebCache.m in Sources */,
				33BE84251C9BE043002CCF60 /* SDWebImageCompat.m in Sources */,
				33BE83FE1C9B488A002CCF60 /* AIVKPhotoCollectionViewCell.m in Sources */,
				33BE83E01C9B2802002CCF60 /* main.m in Sources */,
				33BE842D1C9BE043002CCF60 /* UIImage+MultiFormat.m in Sources */,
				33BE842F1C9BE043002CCF60 /* UIImageView+HighlightedWebCache.m in Sources */,
				33BE842C1C9BE043002CCF60 /* UIImage+GIF.m in Sources */,
			);
			runOnlyForDeploymentPostprocessing = 0;
		};
/* End PBXSourcesBuildPhase section */

/* Begin PBXVariantGroup section */
		33BE83E71C9B2802002CCF60 /* Main.storyboard */ = {
			isa = PBXVariantGroup;
			children = (
				33BE83E81C9B2802002CCF60 /* Base */,
			);
			name = Main.storyboard;
			sourceTree = "<group>";
		};
		33BE83EC1C9B2802002CCF60 /* LaunchScreen.storyboard */ = {
			isa = PBXVariantGroup;
			children = (
				33BE83ED1C9B2802002CCF60 /* Base */,
			);
			name = LaunchScreen.storyboard;
			sourceTree = "<group>";
		};
/* End PBXVariantGroup section */

/* Begin XCBuildConfiguration section */
		33BE83F01C9B2802002CCF60 /* Debug */ = {
			isa = XCBuildConfiguration;
			buildSettings = {
				ALWAYS_SEARCH_USER_PATHS = NO;
				CLANG_CXX_LANGUAGE_STANDARD = "gnu++0x";
				CLANG_CXX_LIBRARY = "libc++";
				CLANG_ENABLE_MODULES = YES;
				CLANG_ENABLE_OBJC_ARC = YES;
				CLANG_WARN_BOOL_CONVERSION = YES;
				CLANG_WARN_CONSTANT_CONVERSION = YES;
				CLANG_WARN_DIRECT_OBJC_ISA_USAGE = YES_ERROR;
				CLANG_WARN_EMPTY_BODY = YES;
				CLANG_WARN_ENUM_CONVERSION = YES;
				CLANG_WARN_INT_CONVERSION = YES;
				CLANG_WARN_OBJC_ROOT_CLASS = YES_ERROR;
				CLANG_WARN_UNREACHABLE_CODE = YES;
				CLANG_WARN__DUPLICATE_METHOD_MATCH = YES;
				"CODE_SIGN_IDENTITY[sdk=iphoneos*]" = "iPhone Developer";
				COPY_PHASE_STRIP = NO;
				DEBUG_INFORMATION_FORMAT = dwarf;
				ENABLE_STRICT_OBJC_MSGSEND = YES;
				ENABLE_TESTABILITY = YES;
				GCC_C_LANGUAGE_STANDARD = gnu99;
				GCC_DYNAMIC_NO_PIC = NO;
				GCC_NO_COMMON_BLOCKS = YES;
				GCC_OPTIMIZATION_LEVEL = 0;
				GCC_PREPROCESSOR_DEFINITIONS = (
					"DEBUG=1",
					"$(inherited)",
				);
				GCC_WARN_64_TO_32_BIT_CONVERSION = YES;
				GCC_WARN_ABOUT_RETURN_TYPE = YES_ERROR;
				GCC_WARN_UNDECLARED_SELECTOR = YES;
				GCC_WARN_UNINITIALIZED_AUTOS = YES_AGGRESSIVE;
				GCC_WARN_UNUSED_FUNCTION = YES;
				GCC_WARN_UNUSED_VARIABLE = YES;
				IPHONEOS_DEPLOYMENT_TARGET = 8.0;
				MTL_ENABLE_DEBUG_INFO = YES;
				ONLY_ACTIVE_ARCH = YES;
				SDKROOT = iphoneos;
				TARGETED_DEVICE_FAMILY = "1,2";
			};
			name = Debug;
		};
		33BE83F11C9B2802002CCF60 /* Release */ = {
			isa = XCBuildConfiguration;
			buildSettings = {
				ALWAYS_SEARCH_USER_PATHS = NO;
				CLANG_CXX_LANGUAGE_STANDARD = "gnu++0x";
				CLANG_CXX_LIBRARY = "libc++";
				CLANG_ENABLE_MODULES = YES;
				CLANG_ENABLE_OBJC_ARC = YES;
				CLANG_WARN_BOOL_CONVERSION = YES;
				CLANG_WARN_CONSTANT_CONVERSION = YES;
				CLANG_WARN_DIRECT_OBJC_ISA_USAGE = YES_ERROR;
				CLANG_WARN_EMPTY_BODY = YES;
				CLANG_WARN_ENUM_CONVERSION = YES;
				CLANG_WARN_INT_CONVERSION = YES;
				CLANG_WARN_OBJC_ROOT_CLASS = YES_ERROR;
				CLANG_WARN_UNREACHABLE_CODE = YES;
				CLANG_WARN__DUPLICATE_METHOD_MATCH = YES;
				"CODE_SIGN_IDENTITY[sdk=iphoneos*]" = "iPhone Developer";
				COPY_PHASE_STRIP = NO;
				DEBUG_INFORMATION_FORMAT = "dwarf-with-dsym";
				ENABLE_NS_ASSERTIONS = NO;
				ENABLE_STRICT_OBJC_MSGSEND = YES;
				GCC_C_LANGUAGE_STANDARD = gnu99;
				GCC_NO_COMMON_BLOCKS = YES;
				GCC_WARN_64_TO_32_BIT_CONVERSION = YES;
				GCC_WARN_ABOUT_RETURN_TYPE = YES_ERROR;
				GCC_WARN_UNDECLARED_SELECTOR = YES;
				GCC_WARN_UNINITIALIZED_AUTOS = YES_AGGRESSIVE;
				GCC_WARN_UNUSED_FUNCTION = YES;
				GCC_WARN_UNUSED_VARIABLE = YES;
				IPHONEOS_DEPLOYMENT_TARGET = 8.0;
				MTL_ENABLE_DEBUG_INFO = NO;
				SDKROOT = iphoneos;
				TARGETED_DEVICE_FAMILY = "1,2";
				VALIDATE_PRODUCT = YES;
			};
			name = Release;
		};
		33BE83F31C9B2802002CCF60 /* Debug */ = {
			isa = XCBuildConfiguration;
			baseConfigurationReference = E6374A36519A64AC0CADEBD1 /* Pods.debug.xcconfig */;
			buildSettings = {
				ASSETCATALOG_COMPILER_APPICON_NAME = AppIcon;
				INFOPLIST_FILE = AIVKPhotos/Info.plist;
				LD_RUNPATH_SEARCH_PATHS = "$(inherited) @executable_path/Frameworks";
				PRODUCT_BUNDLE_IDENTIFIER = com.alexeyivanov.AIVKPhotos;
				PRODUCT_NAME = "$(TARGET_NAME)";
			};
			name = Debug;
		};
		33BE83F41C9B2802002CCF60 /* Release */ = {
			isa = XCBuildConfiguration;
			baseConfigurationReference = ED4CCAF214F03976661E9BB4 /* Pods.release.xcconfig */;
			buildSettings = {
				ASSETCATALOG_COMPILER_APPICON_NAME = AppIcon;
				INFOPLIST_FILE = AIVKPhotos/Info.plist;
				LD_RUNPATH_SEARCH_PATHS = "$(inherited) @executable_path/Frameworks";
				PRODUCT_BUNDLE_IDENTIFIER = com.alexeyivanov.AIVKPhotos;
				PRODUCT_NAME = "$(TARGET_NAME)";
			};
			name = Release;
		};
/* End XCBuildConfiguration section */

/* Begin XCConfigurationList section */
		33BE83D61C9B2802002CCF60 /* Build configuration list for PBXProject "AIVKPhotos" */ = {
			isa = XCConfigurationList;
			buildConfigurations = (
				33BE83F01C9B2802002CCF60 /* Debug */,
				33BE83F11C9B2802002CCF60 /* Release */,
			);
			defaultConfigurationIsVisible = 0;
			defaultConfigurationName = Release;
		};
		33BE83F21C9B2802002CCF60 /* Build configuration list for PBXNativeTarget "AIVKPhotos" */ = {
			isa = XCConfigurationList;
			buildConfigurations = (
				33BE83F31C9B2802002CCF60 /* Debug */,
				33BE83F41C9B2802002CCF60 /* Release */,
			);
			defaultConfigurationIsVisible = 0;
			defaultConfigurationName = Release;
		};
/* End XCConfigurationList section */
	};
	rootObject = 33BE83D31C9B2802002CCF60 /* Project object */;
}
